<?xml version="1.0" encoding="UTF-8"?>
<!DOCTYPE plist PUBLIC "-//Apple//DTD PLIST 1.0//EN" "http://www.apple.com/DTDs/PropertyList-1.0.dtd">
<plist version="1.0">
<dict>
	<key>archiveVersion</key>
	<string>1</string>
	<key>classes</key>
	<dict/>
	<key>objectVersion</key>
	<string>46</string>
	<key>objects</key>
	<dict>
		<key>0A0113101CA6C91B00E5B0F8</key>
		<dict>
			<key>children</key>
			<array>
				<string>0A01131B1CA6C91B00E5B0F8</string>
				<string>0A01131A1CA6C91B00E5B0F8</string>
				<string>3727E831D6C7885662D8EEB1</string>
				<string>FBDBAECAE1405C247865EA66</string>
			</array>
			<key>isa</key>
			<string>PBXGroup</string>
			<key>sourceTree</key>
			<string>&lt;group&gt;</string>
		</dict>
		<key>0A0113111CA6C91B00E5B0F8</key>
		<dict>
			<key>attributes</key>
			<dict>
				<key>LastUpgradeCheck</key>
				<string>0720</string>
				<key>ORGANIZATIONNAME</key>
				<string>Bektur Ryskeldiev</string>
				<key>TargetAttributes</key>
				<dict>
					<key>0A0113181CA6C91B00E5B0F8</key>
					<dict>
						<key>CreatedOnToolsVersion</key>
						<string>7.2.1</string>
					</dict>
				</dict>
			</dict>
			<key>buildConfigurationList</key>
			<string>0A0113141CA6C91B00E5B0F8</string>
			<key>compatibilityVersion</key>
			<string>Xcode 3.2</string>
			<key>developmentRegion</key>
			<string>English</string>
			<key>hasScannedForEncodings</key>
			<string>0</string>
			<key>isa</key>
			<string>PBXProject</string>
			<key>knownRegions</key>
			<array>
				<string>en</string>
				<string>Base</string>
			</array>
			<key>mainGroup</key>
			<string>0A0113101CA6C91B00E5B0F8</string>
			<key>productRefGroup</key>
			<string>0A01131A1CA6C91B00E5B0F8</string>
			<key>projectDirPath</key>
			<string></string>
			<key>projectReferences</key>
			<array/>
			<key>projectRoot</key>
			<string></string>
			<key>targets</key>
			<array>
				<string>0A0113181CA6C91B00E5B0F8</string>
			</array>
		</dict>
		<key>0A0113141CA6C91B00E5B0F8</key>
		<dict>
			<key>buildConfigurations</key>
			<array>
				<string>0A0113311CA6C91B00E5B0F8</string>
				<string>0A0113321CA6C91B00E5B0F8</string>
			</array>
			<key>defaultConfigurationIsVisible</key>
			<string>0</string>
			<key>defaultConfigurationName</key>
			<string>Release</string>
			<key>isa</key>
			<string>XCConfigurationList</string>
		</dict>
		<key>0A0113151CA6C91B00E5B0F8</key>
		<dict>
			<key>buildActionMask</key>
			<string>2147483647</string>
			<key>files</key>
			<array>
				<string>0A2256231CA72A7200D47850</string>
				<string>0A2256261CA72A7B00D47850</string>
				<string>0A0113211CA6C91B00E5B0F8</string>
				<string>0A2256401CA7327600D47850</string>
				<string>0A01131E1CA6C91B00E5B0F8</string>
				<string>0A2256351CA72C2600D47850</string>
				<string>0A22562D1CA72AEC00D47850</string>
				<string>0A2256381CA72C3100D47850</string>
				<string>0A2256291CA72A9400D47850</string>
				<string>0A2256201CA72A6600D47850</string>
				<string>0A2256451CA74EE500D47850</string>
			</array>
			<key>isa</key>
			<string>PBXSourcesBuildPhase</string>
			<key>runOnlyForDeploymentPostprocessing</key>
			<string>0</string>
		</dict>
		<key>0A0113161CA6C91B00E5B0F8</key>
		<dict>
			<key>buildActionMask</key>
			<string>2147483647</string>
			<key>files</key>
			<array>
				<string>5BC486A90855D139A472CFAC</string>
				<string>F91FF5C0D9112499A77E0383</string>
			</array>
			<key>isa</key>
			<string>PBXFrameworksBuildPhase</string>
			<key>runOnlyForDeploymentPostprocessing</key>
			<string>0</string>
		</dict>
		<key>0A0113171CA6C91B00E5B0F8</key>
		<dict>
			<key>buildActionMask</key>
			<string>2147483647</string>
			<key>files</key>
			<array>
				<string>0A01132F1CA6C91B00E5B0F8</string>
				<string>0A22563D1CA731C200D47850</string>
				<string>0A22562E1CA72AEC00D47850</string>
				<string>0A01132C1CA6C91B00E5B0F8</string>
				<string>0A01132A1CA6C91B00E5B0F8</string>
				<string>0A2256421CA73D1F00D47850</string>
			</array>
			<key>isa</key>
			<string>PBXResourcesBuildPhase</string>
			<key>runOnlyForDeploymentPostprocessing</key>
			<string>0</string>
		</dict>
		<key>0A0113181CA6C91B00E5B0F8</key>
		<dict>
			<key>buildConfigurationList</key>
			<string>0A0113331CA6C91B00E5B0F8</string>
			<key>buildPhases</key>
			<array>
				<string>9E5DE55AE4DA285A09750DDB</string>
				<string>0A0113151CA6C91B00E5B0F8</string>
				<string>0A0113161CA6C91B00E5B0F8</string>
				<string>0A0113171CA6C91B00E5B0F8</string>
				<string>996047895DC281914CD9B224</string>
				<string>4E1A25D0AA051F86B22B4241</string>
			</array>
			<key>buildRules</key>
			<array/>
			<key>dependencies</key>
			<array/>
			<key>isa</key>
			<string>PBXNativeTarget</string>
			<key>name</key>
			<string>HHDoctorApp</string>
			<key>productName</key>
			<string>HHDoctorApp</string>
			<key>productReference</key>
			<string>0A0113191CA6C91B00E5B0F8</string>
			<key>productType</key>
			<string>com.apple.product-type.application</string>
		</dict>
		<key>0A0113191CA6C91B00E5B0F8</key>
		<dict>
			<key>explicitFileType</key>
			<string>wrapper.application</string>
			<key>includeInIndex</key>
			<string>0</string>
			<key>isa</key>
			<string>PBXFileReference</string>
			<key>path</key>
			<string>HHDoctorApp.app</string>
			<key>sourceTree</key>
			<string>BUILT_PRODUCTS_DIR</string>
		</dict>
		<key>0A01131A1CA6C91B00E5B0F8</key>
		<dict>
			<key>children</key>
			<array>
				<string>0A0113191CA6C91B00E5B0F8</string>
			</array>
			<key>isa</key>
			<string>PBXGroup</string>
			<key>name</key>
			<string>Products</string>
			<key>sourceTree</key>
			<string>&lt;group&gt;</string>
		</dict>
		<key>0A01131B1CA6C91B00E5B0F8</key>
		<dict>
			<key>children</key>
			<array>
				<string>0A2256321CA72C0300D47850</string>
				<string>0A22561A1CA72A0A00D47850</string>
				<string>0A2256191CA729FF00D47850</string>
				<string>0A01131F1CA6C91B00E5B0F8</string>
				<string>0A0113201CA6C91B00E5B0F8</string>
				<string>0A0113281CA6C91B00E5B0F8</string>
				<string>0A01132B1CA6C91B00E5B0F8</string>
				<string>0A01132D1CA6C91B00E5B0F8</string>
				<string>0A0113301CA6C91B00E5B0F8</string>
				<string>0A01131C1CA6C91B00E5B0F8</string>
			</array>
			<key>isa</key>
			<string>PBXGroup</string>
			<key>path</key>
			<string>HHDoctorApp</string>
			<key>sourceTree</key>
			<string>&lt;group&gt;</string>
		</dict>
		<key>0A01131C1CA6C91B00E5B0F8</key>
		<dict>
			<key>children</key>
			<array>
				<string>0A22563B1CA7319000D47850</string>
				<string>0A01131D1CA6C91B00E5B0F8</string>
			</array>
			<key>isa</key>
			<string>PBXGroup</string>
			<key>name</key>
			<string>Supporting Files</string>
			<key>sourceTree</key>
			<string>&lt;group&gt;</string>
		</dict>
		<key>0A01131D1CA6C91B00E5B0F8</key>
		<dict>
			<key>isa</key>
			<string>PBXFileReference</string>
			<key>lastKnownFileType</key>
			<string>sourcecode.c.objc</string>
			<key>path</key>
			<string>main.m</string>
			<key>sourceTree</key>
			<string>&lt;group&gt;</string>
		</dict>
		<key>0A01131E1CA6C91B00E5B0F8</key>
		<dict>
			<key>fileRef</key>
			<string>0A01131D1CA6C91B00E5B0F8</string>
			<key>isa</key>
			<string>PBXBuildFile</string>
		</dict>
		<key>0A01131F1CA6C91B00E5B0F8</key>
		<dict>
			<key>isa</key>
			<string>PBXFileReference</string>
			<key>lastKnownFileType</key>
			<string>sourcecode.c.h</string>
			<key>path</key>
			<string>AppDelegate.h</string>
			<key>sourceTree</key>
			<string>&lt;group&gt;</string>
		</dict>
		<key>0A0113201CA6C91B00E5B0F8</key>
		<dict>
			<key>isa</key>
			<string>PBXFileReference</string>
			<key>lastKnownFileType</key>
			<string>sourcecode.c.objc</string>
			<key>path</key>
			<string>AppDelegate.m</string>
			<key>sourceTree</key>
			<string>&lt;group&gt;</string>
		</dict>
		<key>0A0113211CA6C91B00E5B0F8</key>
		<dict>
			<key>fileRef</key>
			<string>0A0113201CA6C91B00E5B0F8</string>
			<key>isa</key>
			<string>PBXBuildFile</string>
		</dict>
		<key>0A0113281CA6C91B00E5B0F8</key>
		<dict>
			<key>children</key>
			<array>
				<string>0A0113291CA6C91B00E5B0F8</string>
			</array>
			<key>isa</key>
			<string>PBXVariantGroup</string>
			<key>name</key>
			<string>Main.storyboard</string>
			<key>sourceTree</key>
			<string>&lt;group&gt;</string>
		</dict>
		<key>0A0113291CA6C91B00E5B0F8</key>
		<dict>
			<key>isa</key>
			<string>PBXFileReference</string>
			<key>lastKnownFileType</key>
			<string>file.storyboard</string>
			<key>name</key>
			<string>Base</string>
			<key>path</key>
			<string>Base.lproj/Main.storyboard</string>
			<key>sourceTree</key>
			<string>&lt;group&gt;</string>
		</dict>
		<key>0A01132A1CA6C91B00E5B0F8</key>
		<dict>
			<key>fileRef</key>
			<string>0A0113281CA6C91B00E5B0F8</string>
			<key>isa</key>
			<string>PBXBuildFile</string>
		</dict>
		<key>0A01132B1CA6C91B00E5B0F8</key>
		<dict>
			<key>isa</key>
			<string>PBXFileReference</string>
			<key>lastKnownFileType</key>
			<string>folder.assetcatalog</string>
			<key>path</key>
			<string>Assets.xcassets</string>
			<key>sourceTree</key>
			<string>&lt;group&gt;</string>
		</dict>
		<key>0A01132C1CA6C91B00E5B0F8</key>
		<dict>
			<key>fileRef</key>
			<string>0A01132B1CA6C91B00E5B0F8</string>
			<key>isa</key>
			<string>PBXBuildFile</string>
		</dict>
		<key>0A01132D1CA6C91B00E5B0F8</key>
		<dict>
			<key>children</key>
			<array>
				<string>0A01132E1CA6C91B00E5B0F8</string>
			</array>
			<key>isa</key>
			<string>PBXVariantGroup</string>
			<key>name</key>
			<string>LaunchScreen.storyboard</string>
			<key>sourceTree</key>
			<string>&lt;group&gt;</string>
		</dict>
		<key>0A01132E1CA6C91B00E5B0F8</key>
		<dict>
			<key>isa</key>
			<string>PBXFileReference</string>
			<key>lastKnownFileType</key>
			<string>file.storyboard</string>
			<key>name</key>
			<string>Base</string>
			<key>path</key>
			<string>Base.lproj/LaunchScreen.storyboard</string>
			<key>sourceTree</key>
			<string>&lt;group&gt;</string>
		</dict>
		<key>0A01132F1CA6C91B00E5B0F8</key>
		<dict>
			<key>fileRef</key>
			<string>0A01132D1CA6C91B00E5B0F8</string>
			<key>isa</key>
			<string>PBXBuildFile</string>
		</dict>
		<key>0A0113301CA6C91B00E5B0F8</key>
		<dict>
			<key>isa</key>
			<string>PBXFileReference</string>
			<key>lastKnownFileType</key>
			<string>text.plist.xml</string>
			<key>path</key>
			<string>Info.plist</string>
			<key>sourceTree</key>
			<string>&lt;group&gt;</string>
		</dict>
		<key>0A0113311CA6C91B00E5B0F8</key>
		<dict>
			<key>buildSettings</key>
			<dict>
				<key>ALWAYS_SEARCH_USER_PATHS</key>
				<string>NO</string>
				<key>CLANG_CXX_LANGUAGE_STANDARD</key>
				<string>gnu++0x</string>
				<key>CLANG_CXX_LIBRARY</key>
				<string>libc++</string>
				<key>CLANG_ENABLE_MODULES</key>
				<string>YES</string>
				<key>CLANG_ENABLE_OBJC_ARC</key>
				<string>YES</string>
				<key>CLANG_WARN_BOOL_CONVERSION</key>
				<string>YES</string>
				<key>CLANG_WARN_CONSTANT_CONVERSION</key>
				<string>YES</string>
				<key>CLANG_WARN_DIRECT_OBJC_ISA_USAGE</key>
				<string>YES_ERROR</string>
				<key>CLANG_WARN_EMPTY_BODY</key>
				<string>YES</string>
				<key>CLANG_WARN_ENUM_CONVERSION</key>
				<string>YES</string>
				<key>CLANG_WARN_INT_CONVERSION</key>
				<string>YES</string>
				<key>CLANG_WARN_OBJC_ROOT_CLASS</key>
				<string>YES_ERROR</string>
				<key>CLANG_WARN_UNREACHABLE_CODE</key>
				<string>YES</string>
				<key>CLANG_WARN__DUPLICATE_METHOD_MATCH</key>
				<string>YES</string>
				<key>CODE_SIGN_IDENTITY[sdk=iphoneos*]</key>
				<string>iPhone Developer</string>
				<key>COPY_PHASE_STRIP</key>
				<string>NO</string>
				<key>DEBUG_INFORMATION_FORMAT</key>
				<string>dwarf</string>
				<key>ENABLE_STRICT_OBJC_MSGSEND</key>
				<string>YES</string>
				<key>ENABLE_TESTABILITY</key>
				<string>YES</string>
				<key>GCC_C_LANGUAGE_STANDARD</key>
				<string>gnu99</string>
				<key>GCC_DYNAMIC_NO_PIC</key>
				<string>NO</string>
				<key>GCC_NO_COMMON_BLOCKS</key>
				<string>YES</string>
				<key>GCC_OPTIMIZATION_LEVEL</key>
				<string>0</string>
				<key>GCC_PREPROCESSOR_DEFINITIONS</key>
				<array>
					<string>DEBUG=1</string>
					<string>$(inherited)</string>
				</array>
				<key>GCC_WARN_64_TO_32_BIT_CONVERSION</key>
				<string>YES</string>
				<key>GCC_WARN_ABOUT_RETURN_TYPE</key>
				<string>YES_ERROR</string>
				<key>GCC_WARN_UNDECLARED_SELECTOR</key>
				<string>YES</string>
				<key>GCC_WARN_UNINITIALIZED_AUTOS</key>
				<string>YES_AGGRESSIVE</string>
				<key>GCC_WARN_UNUSED_FUNCTION</key>
				<string>YES</string>
				<key>GCC_WARN_UNUSED_VARIABLE</key>
				<string>YES</string>
				<key>IPHONEOS_DEPLOYMENT_TARGET</key>
				<string>9.2</string>
				<key>MTL_ENABLE_DEBUG_INFO</key>
				<string>YES</string>
				<key>ONLY_ACTIVE_ARCH</key>
				<string>YES</string>
				<key>SDKROOT</key>
				<string>iphoneos</string>
			</dict>
			<key>isa</key>
			<string>XCBuildConfiguration</string>
			<key>name</key>
			<string>Debug</string>
		</dict>
		<key>0A0113321CA6C91B00E5B0F8</key>
		<dict>
			<key>buildSettings</key>
			<dict>
				<key>ALWAYS_SEARCH_USER_PATHS</key>
				<string>NO</string>
				<key>CLANG_CXX_LANGUAGE_STANDARD</key>
				<string>gnu++0x</string>
				<key>CLANG_CXX_LIBRARY</key>
				<string>libc++</string>
				<key>CLANG_ENABLE_MODULES</key>
				<string>YES</string>
				<key>CLANG_ENABLE_OBJC_ARC</key>
				<string>YES</string>
				<key>CLANG_WARN_BOOL_CONVERSION</key>
				<string>YES</string>
				<key>CLANG_WARN_CONSTANT_CONVERSION</key>
				<string>YES</string>
				<key>CLANG_WARN_DIRECT_OBJC_ISA_USAGE</key>
				<string>YES_ERROR</string>
				<key>CLANG_WARN_EMPTY_BODY</key>
				<string>YES</string>
				<key>CLANG_WARN_ENUM_CONVERSION</key>
				<string>YES</string>
				<key>CLANG_WARN_INT_CONVERSION</key>
				<string>YES</string>
				<key>CLANG_WARN_OBJC_ROOT_CLASS</key>
				<string>YES_ERROR</string>
				<key>CLANG_WARN_UNREACHABLE_CODE</key>
				<string>YES</string>
				<key>CLANG_WARN__DUPLICATE_METHOD_MATCH</key>
				<string>YES</string>
				<key>CODE_SIGN_IDENTITY[sdk=iphoneos*]</key>
				<string>iPhone Developer</string>
				<key>COPY_PHASE_STRIP</key>
				<string>NO</string>
				<key>DEBUG_INFORMATION_FORMAT</key>
				<string>dwarf-with-dsym</string>
				<key>ENABLE_NS_ASSERTIONS</key>
				<string>NO</string>
				<key>ENABLE_STRICT_OBJC_MSGSEND</key>
				<string>YES</string>
				<key>GCC_C_LANGUAGE_STANDARD</key>
				<string>gnu99</string>
				<key>GCC_NO_COMMON_BLOCKS</key>
				<string>YES</string>
				<key>GCC_WARN_64_TO_32_BIT_CONVERSION</key>
				<string>YES</string>
				<key>GCC_WARN_ABOUT_RETURN_TYPE</key>
				<string>YES_ERROR</string>
				<key>GCC_WARN_UNDECLARED_SELECTOR</key>
				<string>YES</string>
				<key>GCC_WARN_UNINITIALIZED_AUTOS</key>
				<string>YES_AGGRESSIVE</string>
				<key>GCC_WARN_UNUSED_FUNCTION</key>
				<string>YES</string>
				<key>GCC_WARN_UNUSED_VARIABLE</key>
				<string>YES</string>
				<key>IPHONEOS_DEPLOYMENT_TARGET</key>
				<string>9.2</string>
				<key>MTL_ENABLE_DEBUG_INFO</key>
				<string>NO</string>
				<key>SDKROOT</key>
				<string>iphoneos</string>
				<key>VALIDATE_PRODUCT</key>
				<string>YES</string>
			</dict>
			<key>isa</key>
			<string>XCBuildConfiguration</string>
			<key>name</key>
			<string>Release</string>
		</dict>
		<key>0A0113331CA6C91B00E5B0F8</key>
		<dict>
			<key>buildConfigurations</key>
			<array>
				<string>0A0113341CA6C91B00E5B0F8</string>
				<string>0A0113351CA6C91B00E5B0F8</string>
			</array>
			<key>defaultConfigurationIsVisible</key>
			<string>0</string>
			<key>defaultConfigurationName</key>
			<string>Release</string>
			<key>isa</key>
			<string>XCConfigurationList</string>
		</dict>
		<key>0A0113341CA6C91B00E5B0F8</key>
		<dict>
			<key>baseConfigurationReference</key>
			<string>A2D1660A9B995DA593A1F4CA</string>
			<key>buildSettings</key>
			<dict>
				<key>ASSETCATALOG_COMPILER_APPICON_NAME</key>
				<string>AppIcon</string>
				<key>INFOPLIST_FILE</key>
				<string>HHDoctorApp/Info.plist</string>
				<key>LD_RUNPATH_SEARCH_PATHS</key>
				<string>$(inherited) @executable_path/Frameworks</string>
				<key>PRODUCT_BUNDLE_IDENTIFIER</key>
				<string>com.ryskeldievb.HHDoctorApp</string>
				<key>PRODUCT_NAME</key>
				<string>$(TARGET_NAME)</string>
			</dict>
			<key>isa</key>
			<string>XCBuildConfiguration</string>
			<key>name</key>
			<string>Debug</string>
		</dict>
		<key>0A0113351CA6C91B00E5B0F8</key>
		<dict>
			<key>baseConfigurationReference</key>
			<string>77FE235A33A1BCF7BAEC3E16</string>
			<key>buildSettings</key>
			<dict>
				<key>ASSETCATALOG_COMPILER_APPICON_NAME</key>
				<string>AppIcon</string>
				<key>INFOPLIST_FILE</key>
				<string>HHDoctorApp/Info.plist</string>
				<key>LD_RUNPATH_SEARCH_PATHS</key>
				<string>$(inherited) @executable_path/Frameworks</string>
				<key>PRODUCT_BUNDLE_IDENTIFIER</key>
				<string>com.ryskeldievb.HHDoctorApp</string>
				<key>PRODUCT_NAME</key>
				<string>$(TARGET_NAME)</string>
			</dict>
			<key>isa</key>
			<string>XCBuildConfiguration</string>
			<key>name</key>
			<string>Release</string>
		</dict>
		<key>0A2256191CA729FF00D47850</key>
		<dict>
			<key>children</key>
			<array>
				<string>0A22561E1CA72A6600D47850</string>
				<string>0A22561F1CA72A6600D47850</string>
				<string>0A2256211CA72A7200D47850</string>
				<string>0A2256221CA72A7200D47850</string>
				<string>0A2256241CA72A7B00D47850</string>
				<string>0A2256251CA72A7B00D47850</string>
				<string>0A2256271CA72A9400D47850</string>
				<string>0A2256281CA72A9400D47850</string>
				<string>0A22563E1CA7327600D47850</string>
				<string>0A22563F1CA7327600D47850</string>
			</array>
			<key>isa</key>
			<string>PBXGroup</string>
			<key>name</key>
			<string>ViewControllers</string>
			<key>sourceTree</key>
			<string>&lt;group&gt;</string>
		</dict>
		<key>0A22561A1CA72A0A00D47850</key>
		<dict>
			<key>children</key>
			<array>
				<string>0A22562A1CA72AEC00D47850</string>
				<string>0A22562B1CA72AEC00D47850</string>
				<string>0A22562C1CA72AEC00D47850</string>
			</array>
			<key>isa</key>
			<string>PBXGroup</string>
			<key>name</key>
			<string>Views</string>
			<key>sourceTree</key>
			<string>&lt;group&gt;</string>
		</dict>
		<key>0A22561E1CA72A6600D47850</key>
		<dict>
			<key>fileEncoding</key>
			<string>4</string>
			<key>isa</key>
			<string>PBXFileReference</string>
			<key>lastKnownFileType</key>
			<string>sourcecode.c.h</string>
			<key>path</key>
			<string>SummaryViewController.h</string>
			<key>sourceTree</key>
			<string>&lt;group&gt;</string>
		</dict>
		<key>0A22561F1CA72A6600D47850</key>
		<dict>
			<key>fileEncoding</key>
			<string>4</string>
			<key>isa</key>
			<string>PBXFileReference</string>
			<key>lastKnownFileType</key>
			<string>sourcecode.c.objc</string>
			<key>path</key>
			<string>SummaryViewController.m</string>
			<key>sourceTree</key>
			<string>&lt;group&gt;</string>
		</dict>
		<key>0A2256201CA72A6600D47850</key>
		<dict>
			<key>fileRef</key>
			<string>0A22561F1CA72A6600D47850</string>
			<key>isa</key>
			<string>PBXBuildFile</string>
		</dict>
		<key>0A2256211CA72A7200D47850</key>
		<dict>
			<key>fileEncoding</key>
			<string>4</string>
			<key>isa</key>
			<string>PBXFileReference</string>
			<key>lastKnownFileType</key>
			<string>sourcecode.c.h</string>
			<key>path</key>
			<string>MonitoringViewController.h</string>
			<key>sourceTree</key>
			<string>&lt;group&gt;</string>
		</dict>
		<key>0A2256221CA72A7200D47850</key>
		<dict>
			<key>fileEncoding</key>
			<string>4</string>
			<key>isa</key>
			<string>PBXFileReference</string>
			<key>lastKnownFileType</key>
			<string>sourcecode.c.objc</string>
			<key>path</key>
			<string>MonitoringViewController.m</string>
			<key>sourceTree</key>
			<string>&lt;group&gt;</string>
		</dict>
		<key>0A2256231CA72A7200D47850</key>
		<dict>
			<key>fileRef</key>
			<string>0A2256221CA72A7200D47850</string>
			<key>isa</key>
			<string>PBXBuildFile</string>
		</dict>
		<key>0A2256241CA72A7B00D47850</key>
		<dict>
			<key>fileEncoding</key>
			<string>4</string>
			<key>isa</key>
			<string>PBXFileReference</string>
			<key>lastKnownFileType</key>
			<string>sourcecode.c.h</string>
			<key>path</key>
			<string>HappinessViewController.h</string>
			<key>sourceTree</key>
			<string>&lt;group&gt;</string>
		</dict>
		<key>0A2256251CA72A7B00D47850</key>
		<dict>
			<key>fileEncoding</key>
			<string>4</string>
			<key>isa</key>
			<string>PBXFileReference</string>
			<key>lastKnownFileType</key>
			<string>sourcecode.c.objc</string>
			<key>path</key>
			<string>HappinessViewController.m</string>
			<key>sourceTree</key>
			<string>&lt;group&gt;</string>
		</dict>
		<key>0A2256261CA72A7B00D47850</key>
		<dict>
			<key>fileRef</key>
			<string>0A2256251CA72A7B00D47850</string>
			<key>isa</key>
			<string>PBXBuildFile</string>
		</dict>
		<key>0A2256271CA72A9400D47850</key>
		<dict>
			<key>fileEncoding</key>
			<string>4</string>
			<key>isa</key>
			<string>PBXFileReference</string>
			<key>lastKnownFileType</key>
			<string>sourcecode.c.h</string>
			<key>path</key>
			<string>MoreViewController.h</string>
			<key>sourceTree</key>
			<string>&lt;group&gt;</string>
		</dict>
		<key>0A2256281CA72A9400D47850</key>
		<dict>
			<key>fileEncoding</key>
			<string>4</string>
			<key>isa</key>
			<string>PBXFileReference</string>
			<key>lastKnownFileType</key>
			<string>sourcecode.c.objc</string>
			<key>path</key>
			<string>MoreViewController.m</string>
			<key>sourceTree</key>
			<string>&lt;group&gt;</string>
		</dict>
		<key>0A2256291CA72A9400D47850</key>
		<dict>
			<key>fileRef</key>
			<string>0A2256281CA72A9400D47850</string>
			<key>isa</key>
			<string>PBXBuildFile</string>
		</dict>
		<key>0A22562A1CA72AEC00D47850</key>
		<dict>
			<key>fileEncoding</key>
			<string>4</string>
			<key>isa</key>
			<string>PBXFileReference</string>
			<key>lastKnownFileType</key>
			<string>sourcecode.c.h</string>
			<key>path</key>
			<string>MonitoringTableViewCell.h</string>
			<key>sourceTree</key>
			<string>&lt;group&gt;</string>
		</dict>
		<key>0A22562B1CA72AEC00D47850</key>
		<dict>
			<key>fileEncoding</key>
			<string>4</string>
			<key>isa</key>
			<string>PBXFileReference</string>
			<key>lastKnownFileType</key>
			<string>sourcecode.c.objc</string>
			<key>path</key>
			<string>MonitoringTableViewCell.m</string>
			<key>sourceTree</key>
			<string>&lt;group&gt;</string>
		</dict>
		<key>0A22562C1CA72AEC00D47850</key>
		<dict>
			<key>fileEncoding</key>
			<string>4</string>
			<key>isa</key>
			<string>PBXFileReference</string>
			<key>lastKnownFileType</key>
			<string>file.xib</string>
			<key>path</key>
			<string>MonitoringTableViewCell.xib</string>
			<key>sourceTree</key>
			<string>&lt;group&gt;</string>
		</dict>
		<key>0A22562D1CA72AEC00D47850</key>
		<dict>
			<key>fileRef</key>
			<string>0A22562B1CA72AEC00D47850</string>
			<key>isa</key>
			<string>PBXBuildFile</string>
		</dict>
		<key>0A22562E1CA72AEC00D47850</key>
		<dict>
			<key>fileRef</key>
			<string>0A22562C1CA72AEC00D47850</string>
			<key>isa</key>
			<string>PBXBuildFile</string>
		</dict>
		<key>0A2256321CA72C0300D47850</key>
		<dict>
			<key>children</key>
			<array>
				<string>0A2256331CA72C2600D47850</string>
				<string>0A2256341CA72C2600D47850</string>
				<string>0A2256361CA72C3100D47850</string>
				<string>0A2256371CA72C3100D47850</string>
				<string>0A2256431CA74EE500D47850</string>
				<string>0A2256441CA74EE500D47850</string>
			</array>
			<key>isa</key>
			<string>PBXGroup</string>
			<key>name</key>
			<string>Model</string>
			<key>sourceTree</key>
			<string>&lt;group&gt;</string>
		</dict>
		<key>0A2256331CA72C2600D47850</key>
		<dict>
			<key>fileEncoding</key>
			<string>4</string>
			<key>isa</key>
			<string>PBXFileReference</string>
			<key>lastKnownFileType</key>
			<string>sourcecode.c.h</string>
			<key>path</key>
			<string>PatientDataManager.h</string>
			<key>sourceTree</key>
			<string>&lt;group&gt;</string>
		</dict>
		<key>0A2256341CA72C2600D47850</key>
		<dict>
			<key>fileEncoding</key>
			<string>4</string>
			<key>isa</key>
			<string>PBXFileReference</string>
			<key>lastKnownFileType</key>
			<string>sourcecode.c.objc</string>
			<key>path</key>
			<string>PatientDataManager.m</string>
			<key>sourceTree</key>
			<string>&lt;group&gt;</string>
		</dict>
		<key>0A2256351CA72C2600D47850</key>
		<dict>
			<key>fileRef</key>
			<string>0A2256341CA72C2600D47850</string>
			<key>isa</key>
			<string>PBXBuildFile</string>
		</dict>
		<key>0A2256361CA72C3100D47850</key>
		<dict>
			<key>fileEncoding</key>
			<string>4</string>
			<key>isa</key>
			<string>PBXFileReference</string>
			<key>lastKnownFileType</key>
			<string>sourcecode.c.h</string>
			<key>path</key>
			<string>Patient.h</string>
			<key>sourceTree</key>
			<string>&lt;group&gt;</string>
		</dict>
		<key>0A2256371CA72C3100D47850</key>
		<dict>
			<key>fileEncoding</key>
			<string>4</string>
			<key>isa</key>
			<string>PBXFileReference</string>
			<key>lastKnownFileType</key>
			<string>sourcecode.c.objc</string>
			<key>path</key>
			<string>Patient.m</string>
			<key>sourceTree</key>
			<string>&lt;group&gt;</string>
		</dict>
		<key>0A2256381CA72C3100D47850</key>
		<dict>
			<key>fileRef</key>
			<string>0A2256371CA72C3100D47850</string>
			<key>isa</key>
			<string>PBXBuildFile</string>
		</dict>
		<key>0A22563B1CA7319000D47850</key>
		<dict>
			<key>children</key>
			<array>
				<string>0A2256411CA73D1F00D47850</string>
				<string>0A22563C1CA731C200D47850</string>
			</array>
			<key>isa</key>
			<string>PBXGroup</string>
			<key>name</key>
			<string>Images</string>
			<key>sourceTree</key>
			<string>&lt;group&gt;</string>
		</dict>
		<key>0A22563C1CA731C200D47850</key>
		<dict>
			<key>isa</key>
			<string>PBXFileReference</string>
			<key>lastKnownFileType</key>
			<string>image.png</string>
			<key>path</key>
			<string>qrcode.png</string>
			<key>sourceTree</key>
			<string>&lt;group&gt;</string>
		</dict>
		<key>0A22563D1CA731C200D47850</key>
		<dict>
			<key>fileRef</key>
			<string>0A22563C1CA731C200D47850</string>
			<key>isa</key>
			<string>PBXBuildFile</string>
		</dict>
		<key>0A22563E1CA7327600D47850</key>
		<dict>
			<key>fileEncoding</key>
			<string>4</string>
			<key>isa</key>
			<string>PBXFileReference</string>
			<key>lastKnownFileType</key>
			<string>sourcecode.c.h</string>
			<key>path</key>
			<string>BarCodeScanViewController.h</string>
			<key>sourceTree</key>
			<string>&lt;group&gt;</string>
		</dict>
		<key>0A22563F1CA7327600D47850</key>
		<dict>
			<key>fileEncoding</key>
			<string>4</string>
			<key>isa</key>
			<string>PBXFileReference</string>
			<key>lastKnownFileType</key>
			<string>sourcecode.c.objc</string>
			<key>path</key>
			<string>BarCodeScanViewController.m</string>
			<key>sourceTree</key>
			<string>&lt;group&gt;</string>
		</dict>
		<key>0A2256401CA7327600D47850</key>
		<dict>
			<key>fileRef</key>
			<string>0A22563F1CA7327600D47850</string>
			<key>isa</key>
			<string>PBXBuildFile</string>
		</dict>
		<key>0A2256411CA73D1F00D47850</key>
		<dict>
			<key>isa</key>
			<string>PBXFileReference</string>
			<key>lastKnownFileType</key>
			<string>image.jpeg</string>
			<key>path</key>
			<string>no-user-image.jpg</string>
			<key>sourceTree</key>
			<string>&lt;group&gt;</string>
		</dict>
		<key>0A2256421CA73D1F00D47850</key>
		<dict>
			<key>fileRef</key>
			<string>0A2256411CA73D1F00D47850</string>
			<key>isa</key>
			<string>PBXBuildFile</string>
		</dict>
		<key>0A2256431CA74EE500D47850</key>
		<dict>
			<key>fileEncoding</key>
			<string>4</string>
			<key>isa</key>
			<string>PBXFileReference</string>
			<key>lastKnownFileType</key>
			<string>sourcecode.c.h</string>
			<key>path</key>
			<string>MonitoringDataContainer.h</string>
			<key>sourceTree</key>
			<string>&lt;group&gt;</string>
		</dict>
		<key>0A2256441CA74EE500D47850</key>
		<dict>
			<key>fileEncoding</key>
			<string>4</string>
			<key>isa</key>
			<string>PBXFileReference</string>
			<key>lastKnownFileType</key>
			<string>sourcecode.c.objc</string>
			<key>path</key>
			<string>MonitoringDataContainer.m</string>
			<key>sourceTree</key>
			<string>&lt;group&gt;</string>
		</dict>
		<key>0A2256451CA74EE500D47850</key>
		<dict>
			<key>fileRef</key>
			<string>0A2256441CA74EE500D47850</string>
			<key>isa</key>
			<string>PBXBuildFile</string>
		</dict>
		<key>3727E831D6C7885662D8EEB1</key>
		<dict>
			<key>children</key>
			<array>
				<string>A2D1660A9B995DA593A1F4CA</string>
				<string>77FE235A33A1BCF7BAEC3E16</string>
			</array>
			<key>isa</key>
			<string>PBXGroup</string>
			<key>name</key>
			<string>Pods</string>
			<key>sourceTree</key>
			<string>&lt;group&gt;</string>
		</dict>
		<key>4E1A25D0AA051F86B22B4241</key>
		<dict>
			<key>buildActionMask</key>
			<string>2147483647</string>
			<key>files</key>
			<array/>
			<key>inputPaths</key>
			<array/>
			<key>isa</key>
			<string>PBXShellScriptBuildPhase</string>
			<key>name</key>
			<string>Copy Pods Resources</string>
			<key>outputPaths</key>
			<array/>
			<key>runOnlyForDeploymentPostprocessing</key>
			<string>0</string>
			<key>shellPath</key>
			<string>/bin/sh</string>
			<key>shellScript</key>
			<string>"${SRCROOT}/Pods/Target Support Files/Pods/Pods-resources.sh"
</string>
			<key>showEnvVarsInLog</key>
			<string>0</string>
		</dict>
		<key>5BC486A90855D139A472CFAC</key>
		<dict>
			<key>fileRef</key>
			<string>7A6A133284082754FC48DA69</string>
			<key>isa</key>
			<string>PBXBuildFile</string>
		</dict>
		<key>77FE235A33A1BCF7BAEC3E16</key>
		<dict>
			<key>includeInIndex</key>
			<string>1</string>
			<key>isa</key>
			<string>PBXFileReference</string>
			<key>lastKnownFileType</key>
			<string>text.xcconfig</string>
			<key>name</key>
			<string>Pods.release.xcconfig</string>
			<key>path</key>
			<string>Pods/Target Support Files/Pods/Pods.release.xcconfig</string>
			<key>sourceTree</key>
			<string>&lt;group&gt;</string>
		</dict>
		<key>7A6A133284082754FC48DA69</key>
		<dict>
			<key>explicitFileType</key>
			<string>wrapper.framework</string>
			<key>includeInIndex</key>
			<string>0</string>
			<key>isa</key>
			<string>PBXFileReference</string>
			<key>path</key>
			<string>Pods.framework</string>
			<key>sourceTree</key>
			<string>BUILT_PRODUCTS_DIR</string>
		</dict>
		<key>996047895DC281914CD9B224</key>
		<dict>
			<key>buildActionMask</key>
			<string>2147483647</string>
			<key>files</key>
			<array/>
			<key>inputPaths</key>
			<array/>
			<key>isa</key>
			<string>PBXShellScriptBuildPhase</string>
			<key>name</key>
			<string>Embed Pods Frameworks</string>
			<key>outputPaths</key>
			<array/>
			<key>runOnlyForDeploymentPostprocessing</key>
			<string>0</string>
			<key>shellPath</key>
			<string>/bin/sh</string>
			<key>shellScript</key>
			<string>"${SRCROOT}/Pods/Target Support Files/Pods-HHDoctorApp/Pods-HHDoctorApp-frameworks.sh"
</string>
			<key>showEnvVarsInLog</key>
			<string>0</string>
		</dict>
		<key>9E5DE55AE4DA285A09750DDB</key>
		<dict>
			<key>buildActionMask</key>
			<string>2147483647</string>
			<key>files</key>
			<array/>
			<key>inputPaths</key>
			<array/>
			<key>isa</key>
			<string>PBXShellScriptBuildPhase</string>
			<key>name</key>
			<string>Check Pods Manifest.lock</string>
			<key>outputPaths</key>
			<array/>
			<key>runOnlyForDeploymentPostprocessing</key>
			<string>0</string>
			<key>shellPath</key>
			<string>/bin/sh</string>
			<key>shellScript</key>
			<string>diff "${PODS_ROOT}/../Podfile.lock" "${PODS_ROOT}/Manifest.lock" &gt; /dev/null
if [[ $? != 0 ]] ; then
    cat &lt;&lt; EOM
error: The sandbox is not in sync with the Podfile.lock. Run 'pod install' or update your CocoaPods installation.
EOM
    exit 1
fi
</string>
			<key>showEnvVarsInLog</key>
			<string>0</string>
		</dict>
		<key>A2D1660A9B995DA593A1F4CA</key>
		<dict>
			<key>includeInIndex</key>
			<string>1</string>
			<key>isa</key>
			<string>PBXFileReference</string>
			<key>lastKnownFileType</key>
			<string>text.xcconfig</string>
			<key>name</key>
			<string>Pods.debug.xcconfig</string>
			<key>path</key>
			<string>Pods/Target Support Files/Pods/Pods.debug.xcconfig</string>
			<key>sourceTree</key>
			<string>&lt;group&gt;</string>
		</dict>
		<key>AD2B6EA0483B8449652070EF</key>
		<dict>
			<key>explicitFileType</key>
			<string>wrapper.framework</string>
			<key>includeInIndex</key>
			<string>0</string>
			<key>isa</key>
			<string>PBXFileReference</string>
			<key>path</key>
			<string>Pods_HHDoctorApp.framework</string>
			<key>sourceTree</key>
			<string>BUILT_PRODUCTS_DIR</string>
		</dict>
		<key>F91FF5C0D9112499A77E0383</key>
		<dict>
			<key>fileRef</key>
			<string>AD2B6EA0483B8449652070EF</string>
			<key>isa</key>
			<string>PBXBuildFile</string>
		</dict>
		<key>FBDBAECAE1405C247865EA66</key>
		<dict>
			<key>children</key>
			<array>
				<string>7A6A133284082754FC48DA69</string>
				<string>AD2B6EA0483B8449652070EF</string>
			</array>
			<key>isa</key>
			<string>PBXGroup</string>
			<key>name</key>
			<string>Frameworks</string>
			<key>sourceTree</key>
			<string>&lt;group&gt;</string>
		</dict>
	</dict>
	<key>rootObject</key>
	<string>0A0113111CA6C91B00E5B0F8</string>
</dict>
</plist>
