// !$*UTF8*$!
{
	archiveVersion = 1;
	classes = {
	};
	objectVersion = 46;
	objects = {

/* Begin PBXBuildFile section */
		0A01131E1CA6C91B00E5B0F8 /* main.m in Sources */ = {isa = PBXBuildFile; fileRef = 0A01131D1CA6C91B00E5B0F8 /* main.m */; };
		0A0113211CA6C91B00E5B0F8 /* AppDelegate.m in Sources */ = {isa = PBXBuildFile; fileRef = 0A0113201CA6C91B00E5B0F8 /* AppDelegate.m */; };
		0A01132A1CA6C91B00E5B0F8 /* Main.storyboard in Resources */ = {isa = PBXBuildFile; fileRef = 0A0113281CA6C91B00E5B0F8 /* Main.storyboard */; };
		0A01132C1CA6C91B00E5B0F8 /* Assets.xcassets in Resources */ = {isa = PBXBuildFile; fileRef = 0A01132B1CA6C91B00E5B0F8 /* Assets.xcassets */; };
		0A01132F1CA6C91B00E5B0F8 /* LaunchScreen.storyboard in Resources */ = {isa = PBXBuildFile; fileRef = 0A01132D1CA6C91B00E5B0F8 /* LaunchScreen.storyboard */; };
		0A2256201CA72A6600D47850 /* SummaryViewController.m in Sources */ = {isa = PBXBuildFile; fileRef = 0A22561F1CA72A6600D47850 /* SummaryViewController.m */; };
		0A2256231CA72A7200D47850 /* MonitoringViewController.m in Sources */ = {isa = PBXBuildFile; fileRef = 0A2256221CA72A7200D47850 /* MonitoringViewController.m */; };
		0A2256261CA72A7B00D47850 /* HappinessViewController.m in Sources */ = {isa = PBXBuildFile; fileRef = 0A2256251CA72A7B00D47850 /* HappinessViewController.m */; };
		0A2256291CA72A9400D47850 /* MoreViewController.m in Sources */ = {isa = PBXBuildFile; fileRef = 0A2256281CA72A9400D47850 /* MoreViewController.m */; };
		0A22562D1CA72AEC00D47850 /* MonitoringTableViewCell.m in Sources */ = {isa = PBXBuildFile; fileRef = 0A22562B1CA72AEC00D47850 /* MonitoringTableViewCell.m */; };
		0A22562E1CA72AEC00D47850 /* MonitoringTableViewCell.xib in Resources */ = {isa = PBXBuildFile; fileRef = 0A22562C1CA72AEC00D47850 /* MonitoringTableViewCell.xib */; };
		0A2256351CA72C2600D47850 /* PatientDataManager.m in Sources */ = {isa = PBXBuildFile; fileRef = 0A2256341CA72C2600D47850 /* PatientDataManager.m */; };
		0A2256381CA72C3100D47850 /* Patient.m in Sources */ = {isa = PBXBuildFile; fileRef = 0A2256371CA72C3100D47850 /* Patient.m */; };
		0A22563D1CA731C200D47850 /* qrcode.png in Resources */ = {isa = PBXBuildFile; fileRef = 0A22563C1CA731C200D47850 /* qrcode.png */; };
		0A2256401CA7327600D47850 /* BarCodeScanViewController.m in Sources */ = {isa = PBXBuildFile; fileRef = 0A22563F1CA7327600D47850 /* BarCodeScanViewController.m */; };
		0A2256421CA73D1F00D47850 /* no-user-image.jpg in Resources */ = {isa = PBXBuildFile; fileRef = 0A2256411CA73D1F00D47850 /* no-user-image.jpg */; };
		0A2256451CA74EE500D47850 /* MonitoringDataContainer.m in Sources */ = {isa = PBXBuildFile; fileRef = 0A2256441CA74EE500D47850 /* MonitoringDataContainer.m */; };
		5BC486A90855D139A472CFAC /* Pods.framework in Frameworks */ = {isa = PBXBuildFile; fileRef = 7A6A133284082754FC48DA69 /* Pods.framework */; };
/* End PBXBuildFile section */

/* Begin PBXFileReference section */
		0A0113191CA6C91B00E5B0F8 /* HHDoctorApp.app */ = {isa = PBXFileReference; explicitFileType = wrapper.application; includeInIndex = 0; path = HHDoctorApp.app; sourceTree = BUILT_PRODUCTS_DIR; };
		0A01131D1CA6C91B00E5B0F8 /* main.m */ = {isa = PBXFileReference; lastKnownFileType = sourcecode.c.objc; path = main.m; sourceTree = "<group>"; };
		0A01131F1CA6C91B00E5B0F8 /* AppDelegate.h */ = {isa = PBXFileReference; lastKnownFileType = sourcecode.c.h; path = AppDelegate.h; sourceTree = "<group>"; };
		0A0113201CA6C91B00E5B0F8 /* AppDelegate.m */ = {isa = PBXFileReference; lastKnownFileType = sourcecode.c.objc; path = AppDelegate.m; sourceTree = "<group>"; };
		0A0113291CA6C91B00E5B0F8 /* Base */ = {isa = PBXFileReference; lastKnownFileType = file.storyboard; name = Base; path = Base.lproj/Main.storyboard; sourceTree = "<group>"; };
		0A01132B1CA6C91B00E5B0F8 /* Assets.xcassets */ = {isa = PBXFileReference; lastKnownFileType = folder.assetcatalog; path = Assets.xcassets; sourceTree = "<group>"; };
		0A01132E1CA6C91B00E5B0F8 /* Base */ = {isa = PBXFileReference; lastKnownFileType = file.storyboard; name = Base; path = Base.lproj/LaunchScreen.storyboard; sourceTree = "<group>"; };
		0A0113301CA6C91B00E5B0F8 /* Info.plist */ = {isa = PBXFileReference; lastKnownFileType = text.plist.xml; path = Info.plist; sourceTree = "<group>"; };
		0A22561E1CA72A6600D47850 /* SummaryViewController.h */ = {isa = PBXFileReference; fileEncoding = 4; lastKnownFileType = sourcecode.c.h; path = SummaryViewController.h; sourceTree = "<group>"; };
		0A22561F1CA72A6600D47850 /* SummaryViewController.m */ = {isa = PBXFileReference; fileEncoding = 4; lastKnownFileType = sourcecode.c.objc; path = SummaryViewController.m; sourceTree = "<group>"; };
		0A2256211CA72A7200D47850 /* MonitoringViewController.h */ = {isa = PBXFileReference; fileEncoding = 4; lastKnownFileType = sourcecode.c.h; path = MonitoringViewController.h; sourceTree = "<group>"; };
		0A2256221CA72A7200D47850 /* MonitoringViewController.m */ = {isa = PBXFileReference; fileEncoding = 4; lastKnownFileType = sourcecode.c.objc; path = MonitoringViewController.m; sourceTree = "<group>"; };
		0A2256241CA72A7B00D47850 /* HappinessViewController.h */ = {isa = PBXFileReference; fileEncoding = 4; lastKnownFileType = sourcecode.c.h; path = HappinessViewController.h; sourceTree = "<group>"; };
		0A2256251CA72A7B00D47850 /* HappinessViewController.m */ = {isa = PBXFileReference; fileEncoding = 4; lastKnownFileType = sourcecode.c.objc; path = HappinessViewController.m; sourceTree = "<group>"; };
		0A2256271CA72A9400D47850 /* MoreViewController.h */ = {isa = PBXFileReference; fileEncoding = 4; lastKnownFileType = sourcecode.c.h; path = MoreViewController.h; sourceTree = "<group>"; };
		0A2256281CA72A9400D47850 /* MoreViewController.m */ = {isa = PBXFileReference; fileEncoding = 4; lastKnownFileType = sourcecode.c.objc; path = MoreViewController.m; sourceTree = "<group>"; };
		0A22562A1CA72AEC00D47850 /* MonitoringTableViewCell.h */ = {isa = PBXFileReference; fileEncoding = 4; lastKnownFileType = sourcecode.c.h; path = MonitoringTableViewCell.h; sourceTree = "<group>"; };
		0A22562B1CA72AEC00D47850 /* MonitoringTableViewCell.m */ = {isa = PBXFileReference; fileEncoding = 4; lastKnownFileType = sourcecode.c.objc; path = MonitoringTableViewCell.m; sourceTree = "<group>"; };
		0A22562C1CA72AEC00D47850 /* MonitoringTableViewCell.xib */ = {isa = PBXFileReference; fileEncoding = 4; lastKnownFileType = file.xib; path = MonitoringTableViewCell.xib; sourceTree = "<group>"; };
		0A2256331CA72C2600D47850 /* PatientDataManager.h */ = {isa = PBXFileReference; fileEncoding = 4; lastKnownFileType = sourcecode.c.h; path = PatientDataManager.h; sourceTree = "<group>"; };
		0A2256341CA72C2600D47850 /* PatientDataManager.m */ = {isa = PBXFileReference; fileEncoding = 4; lastKnownFileType = sourcecode.c.objc; path = PatientDataManager.m; sourceTree = "<group>"; };
		0A2256361CA72C3100D47850 /* Patient.h */ = {isa = PBXFileReference; fileEncoding = 4; lastKnownFileType = sourcecode.c.h; path = Patient.h; sourceTree = "<group>"; };
		0A2256371CA72C3100D47850 /* Patient.m */ = {isa = PBXFileReference; fileEncoding = 4; lastKnownFileType = sourcecode.c.objc; path = Patient.m; sourceTree = "<group>"; };
		0A22563C1CA731C200D47850 /* qrcode.png */ = {isa = PBXFileReference; lastKnownFileType = image.png; path = qrcode.png; sourceTree = "<group>"; };
		0A22563E1CA7327600D47850 /* BarCodeScanViewController.h */ = {isa = PBXFileReference; fileEncoding = 4; lastKnownFileType = sourcecode.c.h; path = BarCodeScanViewController.h; sourceTree = "<group>"; };
		0A22563F1CA7327600D47850 /* BarCodeScanViewController.m */ = {isa = PBXFileReference; fileEncoding = 4; lastKnownFileType = sourcecode.c.objc; path = BarCodeScanViewController.m; sourceTree = "<group>"; };
		0A2256411CA73D1F00D47850 /* no-user-image.jpg */ = {isa = PBXFileReference; lastKnownFileType = image.jpeg; path = "no-user-image.jpg"; sourceTree = "<group>"; };
		0A2256431CA74EE500D47850 /* MonitoringDataContainer.h */ = {isa = PBXFileReference; fileEncoding = 4; lastKnownFileType = sourcecode.c.h; path = MonitoringDataContainer.h; sourceTree = "<group>"; };
		0A2256441CA74EE500D47850 /* MonitoringDataContainer.m */ = {isa = PBXFileReference; fileEncoding = 4; lastKnownFileType = sourcecode.c.objc; path = MonitoringDataContainer.m; sourceTree = "<group>"; };
		77FE235A33A1BCF7BAEC3E16 /* Pods.release.xcconfig */ = {isa = PBXFileReference; includeInIndex = 1; lastKnownFileType = text.xcconfig; name = Pods.release.xcconfig; path = "Pods/Target Support Files/Pods/Pods.release.xcconfig"; sourceTree = "<group>"; };
		7A6A133284082754FC48DA69 /* Pods.framework */ = {isa = PBXFileReference; explicitFileType = wrapper.framework; includeInIndex = 0; path = Pods.framework; sourceTree = BUILT_PRODUCTS_DIR; };
		A2D1660A9B995DA593A1F4CA /* Pods.debug.xcconfig */ = {isa = PBXFileReference; includeInIndex = 1; lastKnownFileType = text.xcconfig; name = Pods.debug.xcconfig; path = "Pods/Target Support Files/Pods/Pods.debug.xcconfig"; sourceTree = "<group>"; };
/* End PBXFileReference section */

/* Begin PBXFrameworksBuildPhase section */
		0A0113161CA6C91B00E5B0F8 /* Frameworks */ = {
			isa = PBXFrameworksBuildPhase;
			buildActionMask = 2147483647;
			files = (
				5BC486A90855D139A472CFAC /* Pods.framework in Frameworks */,
			);
			runOnlyForDeploymentPostprocessing = 0;
		};
/* End PBXFrameworksBuildPhase section */

/* Begin PBXGroup section */
		0A0113101CA6C91B00E5B0F8 = {
			isa = PBXGroup;
			children = (
				0A01131B1CA6C91B00E5B0F8 /* HHDoctorApp */,
				0A01131A1CA6C91B00E5B0F8 /* Products */,
				3727E831D6C7885662D8EEB1 /* Pods */,
				FBDBAECAE1405C247865EA66 /* Frameworks */,
			);
			sourceTree = "<group>";
		};
		0A01131A1CA6C91B00E5B0F8 /* Products */ = {
			isa = PBXGroup;
			children = (
				0A0113191CA6C91B00E5B0F8 /* HHDoctorApp.app */,
			);
			name = Products;
			sourceTree = "<group>";
		};
		0A01131B1CA6C91B00E5B0F8 /* HHDoctorApp */ = {
			isa = PBXGroup;
			children = (
				0A2256321CA72C0300D47850 /* Model */,
				0A22561A1CA72A0A00D47850 /* Views */,
				0A2256191CA729FF00D47850 /* ViewControllers */,
				0A01131F1CA6C91B00E5B0F8 /* AppDelegate.h */,
				0A0113201CA6C91B00E5B0F8 /* AppDelegate.m */,
				0A0113281CA6C91B00E5B0F8 /* Main.storyboard */,
				0A01132B1CA6C91B00E5B0F8 /* Assets.xcassets */,
				0A01132D1CA6C91B00E5B0F8 /* LaunchScreen.storyboard */,
				0A0113301CA6C91B00E5B0F8 /* Info.plist */,
				0A01131C1CA6C91B00E5B0F8 /* Supporting Files */,
			);
			path = HHDoctorApp;
			sourceTree = "<group>";
		};
		0A01131C1CA6C91B00E5B0F8 /* Supporting Files */ = {
			isa = PBXGroup;
			children = (
				0A22563B1CA7319000D47850 /* Images */,
				0A01131D1CA6C91B00E5B0F8 /* main.m */,
			);
			name = "Supporting Files";
			sourceTree = "<group>";
		};
		0A2256191CA729FF00D47850 /* ViewControllers */ = {
			isa = PBXGroup;
			children = (
				0A22561E1CA72A6600D47850 /* SummaryViewController.h */,
				0A22561F1CA72A6600D47850 /* SummaryViewController.m */,
				0A2256211CA72A7200D47850 /* MonitoringViewController.h */,
				0A2256221CA72A7200D47850 /* MonitoringViewController.m */,
				0A2256241CA72A7B00D47850 /* HappinessViewController.h */,
				0A2256251CA72A7B00D47850 /* HappinessViewController.m */,
				0A2256271CA72A9400D47850 /* MoreViewController.h */,
				0A2256281CA72A9400D47850 /* MoreViewController.m */,
				0A22563E1CA7327600D47850 /* BarCodeScanViewController.h */,
				0A22563F1CA7327600D47850 /* BarCodeScanViewController.m */,
			);
			name = ViewControllers;
			sourceTree = "<group>";
		};
		0A22561A1CA72A0A00D47850 /* Views */ = {
			isa = PBXGroup;
			children = (
				0A22562A1CA72AEC00D47850 /* MonitoringTableViewCell.h */,
				0A22562B1CA72AEC00D47850 /* MonitoringTableViewCell.m */,
				0A22562C1CA72AEC00D47850 /* MonitoringTableViewCell.xib */,
			);
			name = Views;
			sourceTree = "<group>";
		};
		0A2256321CA72C0300D47850 /* Model */ = {
			isa = PBXGroup;
			children = (
				0A2256331CA72C2600D47850 /* PatientDataManager.h */,
				0A2256341CA72C2600D47850 /* PatientDataManager.m */,
				0A2256361CA72C3100D47850 /* Patient.h */,
				0A2256371CA72C3100D47850 /* Patient.m */,
				0A2256431CA74EE500D47850 /* MonitoringDataContainer.h */,
				0A2256441CA74EE500D47850 /* MonitoringDataContainer.m */,
			);
			name = Model;
			sourceTree = "<group>";
		};
		0A22563B1CA7319000D47850 /* Images */ = {
			isa = PBXGroup;
			children = (
				0A2256411CA73D1F00D47850 /* no-user-image.jpg */,
				0A22563C1CA731C200D47850 /* qrcode.png */,
			);
			name = Images;
			sourceTree = "<group>";
		};
		3727E831D6C7885662D8EEB1 /* Pods */ = {
			isa = PBXGroup;
			children = (
				A2D1660A9B995DA593A1F4CA /* Pods.debug.xcconfig */,
				77FE235A33A1BCF7BAEC3E16 /* Pods.release.xcconfig */,
			);
			name = Pods;
			sourceTree = "<group>";
		};
		FBDBAECAE1405C247865EA66 /* Frameworks */ = {
			isa = PBXGroup;
			children = (
				7A6A133284082754FC48DA69 /* Pods.framework */,
			);
			name = Frameworks;
			sourceTree = "<group>";
		};
/* End PBXGroup section */

/* Begin PBXNativeTarget section */
		0A0113181CA6C91B00E5B0F8 /* HHDoctorApp */ = {
			isa = PBXNativeTarget;
			buildConfigurationList = 0A0113331CA6C91B00E5B0F8 /* Build configuration list for PBXNativeTarget "HHDoctorApp" */;
			buildPhases = (
				9E5DE55AE4DA285A09750DDB /* Check Pods Manifest.lock */,
				0A0113151CA6C91B00E5B0F8 /* Sources */,
				0A0113161CA6C91B00E5B0F8 /* Frameworks */,
				0A0113171CA6C91B00E5B0F8 /* Resources */,
				996047895DC281914CD9B224 /* Embed Pods Frameworks */,
				4E1A25D0AA051F86B22B4241 /* Copy Pods Resources */,
			);
			buildRules = (
			);
			dependencies = (
			);
			name = HHDoctorApp;
			productName = HHDoctorApp;
			productReference = 0A0113191CA6C91B00E5B0F8 /* HHDoctorApp.app */;
			productType = "com.apple.product-type.application";
		};
/* End PBXNativeTarget section */

/* Begin PBXProject section */
		0A0113111CA6C91B00E5B0F8 /* Project object */ = {
			isa = PBXProject;
			attributes = {
				LastUpgradeCheck = 0720;
				ORGANIZATIONNAME = "Bektur Ryskeldiev";
				TargetAttributes = {
					0A0113181CA6C91B00E5B0F8 = {
						CreatedOnToolsVersion = 7.2.1;
					};
				};
			};
			buildConfigurationList = 0A0113141CA6C91B00E5B0F8 /* Build configuration list for PBXProject "HHDoctorApp" */;
			compatibilityVersion = "Xcode 3.2";
			developmentRegion = English;
			hasScannedForEncodings = 0;
			knownRegions = (
				en,
				Base,
			);
			mainGroup = 0A0113101CA6C91B00E5B0F8;
			productRefGroup = 0A01131A1CA6C91B00E5B0F8 /* Products */;
			projectDirPath = "";
			projectRoot = "";
			targets = (
				0A0113181CA6C91B00E5B0F8 /* HHDoctorApp */,
			);
		};
/* End PBXProject section */

/* Begin PBXResourcesBuildPhase section */
		0A0113171CA6C91B00E5B0F8 /* Resources */ = {
			isa = PBXResourcesBuildPhase;
			buildActionMask = 2147483647;
			files = (
				0A01132F1CA6C91B00E5B0F8 /* LaunchScreen.storyboard in Resources */,
				0A22563D1CA731C200D47850 /* qrcode.png in Resources */,
				0A22562E1CA72AEC00D47850 /* MonitoringTableViewCell.xib in Resources */,
				0A01132C1CA6C91B00E5B0F8 /* Assets.xcassets in Resources */,
				0A01132A1CA6C91B00E5B0F8 /* Main.storyboard in Resources */,
				0A2256421CA73D1F00D47850 /* no-user-image.jpg in Resources */,
			);
			runOnlyForDeploymentPostprocessing = 0;
		};
/* End PBXResourcesBuildPhase section */

/* Begin PBXShellScriptBuildPhase section */
		4E1A25D0AA051F86B22B4241 /* Copy Pods Resources */ = {
			isa = PBXShellScriptBuildPhase;
			buildActionMask = 2147483647;
			files = (
			);
			inputPaths = (
			);
			name = "Copy Pods Resources";
			outputPaths = (
			);
			runOnlyForDeploymentPostprocessing = 0;
			shellPath = /bin/sh;
			shellScript = "\"${SRCROOT}/Pods/Target Support Files/Pods/Pods-resources.sh\"\n";
			showEnvVarsInLog = 0;
		};
		996047895DC281914CD9B224 /* Embed Pods Frameworks */ = {
			isa = PBXShellScriptBuildPhase;
			buildActionMask = 2147483647;
			files = (
			);
			inputPaths = (
			);
			name = "Embed Pods Frameworks";
			outputPaths = (
			);
			runOnlyForDeploymentPostprocessing = 0;
			shellPath = /bin/sh;
			shellScript = "\"${SRCROOT}/Pods/Target Support Files/Pods/Pods-frameworks.sh\"\n";
			showEnvVarsInLog = 0;
		};
		9E5DE55AE4DA285A09750DDB /* Check Pods Manifest.lock */ = {
			isa = PBXShellScriptBuildPhase;
			buildActionMask = 2147483647;
			files = (
			);
			inputPaths = (
			);
			name = "Check Pods Manifest.lock";
			outputPaths = (
			);
			runOnlyForDeploymentPostprocessing = 0;
			shellPath = /bin/sh;
			shellScript = "diff \"${PODS_ROOT}/../Podfile.lock\" \"${PODS_ROOT}/Manifest.lock\" > /dev/null\nif [[ $? != 0 ]] ; then\n    cat << EOM\nerror: The sandbox is not in sync with the Podfile.lock. Run 'pod install' or update your CocoaPods installation.\nEOM\n    exit 1\nfi\n";
			showEnvVarsInLog = 0;
		};
/* End PBXShellScriptBuildPhase section */

/* Begin PBXSourcesBuildPhase section */
		0A0113151CA6C91B00E5B0F8 /* Sources */ = {
			isa = PBXSourcesBuildPhase;
			buildActionMask = 2147483647;
			files = (
				0A2256231CA72A7200D47850 /* MonitoringViewController.m in Sources */,
				0A2256261CA72A7B00D47850 /* HappinessViewController.m in Sources */,
				0A0113211CA6C91B00E5B0F8 /* AppDelegate.m in Sources */,
				0A2256401CA7327600D47850 /* BarCodeScanViewController.m in Sources */,
				0A01131E1CA6C91B00E5B0F8 /* main.m in Sources */,
				0A2256351CA72C2600D47850 /* PatientDataManager.m in Sources */,
				0A22562D1CA72AEC00D47850 /* MonitoringTableViewCell.m in Sources */,
				0A2256381CA72C3100D47850 /* Patient.m in Sources */,
				0A2256291CA72A9400D47850 /* MoreViewController.m in Sources */,
				0A2256201CA72A6600D47850 /* SummaryViewController.m in Sources */,
				0A2256451CA74EE500D47850 /* MonitoringDataContainer.m in Sources */,
			);
			runOnlyForDeploymentPostprocessing = 0;
		};
/* End PBXSourcesBuildPhase section */

/* Begin PBXVariantGroup section */
		0A0113281CA6C91B00E5B0F8 /* Main.storyboard */ = {
			isa = PBXVariantGroup;
			children = (
				0A0113291CA6C91B00E5B0F8 /* Base */,
			);
			name = Main.storyboard;
			sourceTree = "<group>";
		};
		0A01132D1CA6C91B00E5B0F8 /* LaunchScreen.storyboard */ = {
			isa = PBXVariantGroup;
			children = (
				0A01132E1CA6C91B00E5B0F8 /* Base */,
			);
			name = LaunchScreen.storyboard;
			sourceTree = "<group>";
		};
/* End PBXVariantGroup section */

/* Begin XCBuildConfiguration section */
		0A0113311CA6C91B00E5B0F8 /* Debug */ = {
			isa = XCBuildConfiguration;
			buildSettings = {
				ALWAYS_SEARCH_USER_PATHS = NO;
				CLANG_CXX_LANGUAGE_STANDARD = "gnu++0x";
				CLANG_CXX_LIBRARY = "libc++";
				CLANG_ENABLE_MODULES = YES;
				CLANG_ENABLE_OBJC_ARC = YES;
				CLANG_WARN_BOOL_CONVERSION = YES;
				CLANG_WARN_CONSTANT_CONVERSION = YES;
				CLANG_WARN_DIRECT_OBJC_ISA_USAGE = YES_ERROR;
				CLANG_WARN_EMPTY_BODY = YES;
				CLANG_WARN_ENUM_CONVERSION = YES;
				CLANG_WARN_INT_CONVERSION = YES;
				CLANG_WARN_OBJC_ROOT_CLASS = YES_ERROR;
				CLANG_WARN_UNREACHABLE_CODE = YES;
				CLANG_WARN__DUPLICATE_METHOD_MATCH = YES;
				"CODE_SIGN_IDENTITY[sdk=iphoneos*]" = "iPhone Developer";
				COPY_PHASE_STRIP = NO;
				DEBUG_INFORMATION_FORMAT = dwarf;
				ENABLE_STRICT_OBJC_MSGSEND = YES;
				ENABLE_TESTABILITY = YES;
				GCC_C_LANGUAGE_STANDARD = gnu99;
				GCC_DYNAMIC_NO_PIC = NO;
				GCC_NO_COMMON_BLOCKS = YES;
				GCC_OPTIMIZATION_LEVEL = 0;
				GCC_PREPROCESSOR_DEFINITIONS = (
					"DEBUG=1",
					"$(inherited)",
				);
				GCC_WARN_64_TO_32_BIT_CONVERSION = YES;
				GCC_WARN_ABOUT_RETURN_TYPE = YES_ERROR;
				GCC_WARN_UNDECLARED_SELECTOR = YES;
				GCC_WARN_UNINITIALIZED_AUTOS = YES_AGGRESSIVE;
				GCC_WARN_UNUSED_FUNCTION = YES;
				GCC_WARN_UNUSED_VARIABLE = YES;
				IPHONEOS_DEPLOYMENT_TARGET = 9.2;
				MTL_ENABLE_DEBUG_INFO = YES;
				ONLY_ACTIVE_ARCH = YES;
				SDKROOT = iphoneos;
			};
			name = Debug;
		};
		0A0113321CA6C91B00E5B0F8 /* Release */ = {
			isa = XCBuildConfiguration;
			buildSettings = {
				ALWAYS_SEARCH_USER_PATHS = NO;
				CLANG_CXX_LANGUAGE_STANDARD = "gnu++0x";
				CLANG_CXX_LIBRARY = "libc++";
				CLANG_ENABLE_MODULES = YES;
				CLANG_ENABLE_OBJC_ARC = YES;
				CLANG_WARN_BOOL_CONVERSION = YES;
				CLANG_WARN_CONSTANT_CONVERSION = YES;
				CLANG_WARN_DIRECT_OBJC_ISA_USAGE = YES_ERROR;
				CLANG_WARN_EMPTY_BODY = YES;
				CLANG_WARN_ENUM_CONVERSION = YES;
				CLANG_WARN_INT_CONVERSION = YES;
				CLANG_WARN_OBJC_ROOT_CLASS = YES_ERROR;
				CLANG_WARN_UNREACHABLE_CODE = YES;
				CLANG_WARN__DUPLICATE_METHOD_MATCH = YES;
				"CODE_SIGN_IDENTITY[sdk=iphoneos*]" = "iPhone Developer";
				COPY_PHASE_STRIP = NO;
				DEBUG_INFORMATION_FORMAT = "dwarf-with-dsym";
				ENABLE_NS_ASSERTIONS = NO;
				ENABLE_STRICT_OBJC_MSGSEND = YES;
				GCC_C_LANGUAGE_STANDARD = gnu99;
				GCC_NO_COMMON_BLOCKS = YES;
				GCC_WARN_64_TO_32_BIT_CONVERSION = YES;
				GCC_WARN_ABOUT_RETURN_TYPE = YES_ERROR;
				GCC_WARN_UNDECLARED_SELECTOR = YES;
				GCC_WARN_UNINITIALIZED_AUTOS = YES_AGGRESSIVE;
				GCC_WARN_UNUSED_FUNCTION = YES;
				GCC_WARN_UNUSED_VARIABLE = YES;
				IPHONEOS_DEPLOYMENT_TARGET = 9.2;
				MTL_ENABLE_DEBUG_INFO = NO;
				SDKROOT = iphoneos;
				VALIDATE_PRODUCT = YES;
			};
			name = Release;
		};
		0A0113341CA6C91B00E5B0F8 /* Debug */ = {
			isa = XCBuildConfiguration;
			baseConfigurationReference = A2D1660A9B995DA593A1F4CA /* Pods.debug.xcconfig */;
			buildSettings = {
				ASSETCATALOG_COMPILER_APPICON_NAME = AppIcon;
				INFOPLIST_FILE = HHDoctorApp/Info.plist;
				LD_RUNPATH_SEARCH_PATHS = "$(inherited) @executable_path/Frameworks";
				PRODUCT_BUNDLE_IDENTIFIER = com.ryskeldievb.HHDoctorApp;
				PRODUCT_NAME = "$(TARGET_NAME)";
			};
			name = Debug;
		};
		0A0113351CA6C91B00E5B0F8 /* Release */ = {
			isa = XCBuildConfiguration;
			baseConfigurationReference = 77FE235A33A1BCF7BAEC3E16 /* Pods.release.xcconfig */;
			buildSettings = {
				ASSETCATALOG_COMPILER_APPICON_NAME = AppIcon;
				INFOPLIST_FILE = HHDoctorApp/Info.plist;
				LD_RUNPATH_SEARCH_PATHS = "$(inherited) @executable_path/Frameworks";
				PRODUCT_BUNDLE_IDENTIFIER = com.ryskeldievb.HHDoctorApp;
				PRODUCT_NAME = "$(TARGET_NAME)";
			};
			name = Release;
		};
/* End XCBuildConfiguration section */

/* Begin XCConfigurationList section */
		0A0113141CA6C91B00E5B0F8 /* Build configuration list for PBXProject "HHDoctorApp" */ = {
			isa = XCConfigurationList;
			buildConfigurations = (
				0A0113311CA6C91B00E5B0F8 /* Debug */,
				0A0113321CA6C91B00E5B0F8 /* Release */,
			);
			defaultConfigurationIsVisible = 0;
			defaultConfigurationName = Release;
		};
		0A0113331CA6C91B00E5B0F8 /* Build configuration list for PBXNativeTarget "HHDoctorApp" */ = {
			isa = XCConfigurationList;
			buildConfigurations = (
				0A0113341CA6C91B00E5B0F8 /* Debug */,
				0A0113351CA6C91B00E5B0F8 /* Release */,
			);
			defaultConfigurationIsVisible = 0;
			defaultConfigurationName = Release;
		};
/* End XCConfigurationList section */
	};
	rootObject = 0A0113111CA6C91B00E5B0F8 /* Project object */;
}
